
Microsoft Visual Studio Solution File, Format Version 12.00
# Visual Studio Version 17
VisualStudioVersion = 17.0.31903.59
MinimumVisualStudioVersion = 10.0.40219.1
Project("{2150E333-8FDC-42A3-9474-1A3956D46DE8}") = "src", "src", "{827E0CD3-B72D-47B6-A68D-7590B98EB39B}"
EndProject
Project("{FAE04EC0-301F-11D3-BF4B-00C04F79EFBC}") = "GroceryStore.Domain", "src\GroceryStore.Domain\GroceryStore.Domain.csproj", "{5B3AC23A-2B80-420B-8435-DB0BC5BC4BA8}"
EndProject
Project("{FAE04EC0-301F-11D3-BF4B-00C04F79EFBC}") = "GroceryStore.Application", "src\GroceryStore.Application\GroceryStore.Application.csproj", "{EB23CC61-2516-4C2C-8DB4-F9532209CC11}"
EndProject
Project("{FAE04EC0-301F-11D3-BF4B-00C04F79EFBC}") = "GroceryStore.Infrastructure", "src\GroceryStore.Infrastructure\GroceryStore.Infrastructure.csproj", "{1FE72B90-D8AA-466E-B63C-EC8AA7FE331F}"
EndProject
Project("{FAE04EC0-301F-11D3-BF4B-00C04F79EFBC}") = "GroceryStore.Persistence", "src\GroceryStore.Persistence\GroceryStore.Persistence.csproj", "{81B752C6-8B16-4E69-8652-17E7D2B1F314}"
EndProject
Project("{FAE04EC0-301F-11D3-BF4B-00C04F79EFBC}") = "GroceryStore.Api", "src\GroceryStore.Api\GroceryStore.Api.csproj", "{05687ED8-8DCB-44DC-B56F-E98C234654A8}"
EndProject
Project("{2150E333-8FDC-42A3-9474-1A3956D46DE8}") = "tests", "tests", "{0AB3BF05-4346-4AA6-1389-037BE0695223}"
EndProject
Project("{FAE04EC0-301F-11D3-BF4B-00C04F79EFBC}") = "GroceryStore.UnitTests", "tests\GroceryStore.UnitTests\GroceryStore.UnitTests.csproj", "{705ABCEE-CCF1-4B11-9022-E8D62B0178AF}"
EndProject
Project("{FAE04EC0-301F-11D3-BF4B-00C04F79EFBC}") = "GroceryStore.IntegrationTests", "tests\GroceryStore.IntegrationTests\GroceryStore.IntegrationTests.csproj", "{D66FE4D9-A747-42FA-AFFF-81832DBF5400}"
EndProject
Project("{FAE04EC0-301F-11D3-BF4B-00C04F79EFBC}") = "GroceryStore.ArchitectureTests", "tests\GroceryStore.ArchitectureTests\GroceryStore.ArchitectureTests.csproj", "{505A1866-F926-4566-8A44-B5B9CBA83AD3}"
EndProject
Global
	GlobalSection(SolutionConfigurationPlatforms) = preSolution
		Debug|Any CPU = Debug|Any CPU
		Debug|x64 = Debug|x64
		Debug|x86 = Debug|x86
		Release|Any CPU = Release|Any CPU
		Release|x64 = Release|x64
		Release|x86 = Release|x86
	EndGlobalSection
	GlobalSection(ProjectConfigurationPlatforms) = postSolution
		{5B3AC23A-2B80-420B-8435-DB0BC5BC4BA8}.Debug|Any CPU.ActiveCfg = Debug|Any CPU
		{5B3AC23A-2B80-420B-8435-DB0BC5BC4BA8}.Debug|Any CPU.Build.0 = Debug|Any CPU
		{5B3AC23A-2B80-420B-8435-DB0BC5BC4BA8}.Debug|x64.ActiveCfg = Debug|Any CPU
		{5B3AC23A-2B80-420B-8435-DB0BC5BC4BA8}.Debug|x64.Build.0 = Debug|Any CPU
		{5B3AC23A-2B80-420B-8435-DB0BC5BC4BA8}.Debug|x86.ActiveCfg = Debug|Any CPU
		{5B3AC23A-2B80-420B-8435-DB0BC5BC4BA8}.Debug|x86.Build.0 = Debug|Any CPU
		{5B3AC23A-2B80-420B-8435-DB0BC5BC4BA8}.Release|Any CPU.ActiveCfg = Release|Any CPU
		{5B3AC23A-2B80-420B-8435-DB0BC5BC4BA8}.Release|Any CPU.Build.0 = Release|Any CPU
		{5B3AC23A-2B80-420B-8435-DB0BC5BC4BA8}.Release|x64.ActiveCfg = Release|Any CPU
		{5B3AC23A-2B80-420B-8435-DB0BC5BC4BA8}.Release|x64.Build.0 = Release|Any CPU
		{5B3AC23A-2B80-420B-8435-DB0BC5BC4BA8}.Release|x86.ActiveCfg = Release|Any CPU
		{5B3AC23A-2B80-420B-8435-DB0BC5BC4BA8}.Release|x86.Build.0 = Release|Any CPU
		{EB23CC61-2516-4C2C-8DB4-F9532209CC11}.Debug|Any CPU.ActiveCfg = Debug|Any CPU
		{EB23CC61-2516-4C2C-8DB4-F9532209CC11}.Debug|Any CPU.Build.0 = Debug|Any CPU
		{EB23CC61-2516-4C2C-8DB4-F9532209CC11}.Debug|x64.ActiveCfg = Debug|Any CPU
		{EB23CC61-2516-4C2C-8DB4-F9532209CC11}.Debug|x64.Build.0 = Debug|Any CPU
		{EB23CC61-2516-4C2C-8DB4-F9532209CC11}.Debug|x86.ActiveCfg = Debug|Any CPU
		{EB23CC61-2516-4C2C-8DB4-F9532209CC11}.Debug|x86.Build.0 = Debug|Any CPU
		{EB23CC61-2516-4C2C-8DB4-F9532209CC11}.Release|Any CPU.ActiveCfg = Release|Any CPU
		{EB23CC61-2516-4C2C-8DB4-F9532209CC11}.Release|Any CPU.Build.0 = Release|Any CPU
		{EB23CC61-2516-4C2C-8DB4-F9532209CC11}.Release|x64.ActiveCfg = Release|Any CPU
		{EB23CC61-2516-4C2C-8DB4-F9532209CC11}.Release|x64.Build.0 = Release|Any CPU
		{EB23CC61-2516-4C2C-8DB4-F9532209CC11}.Release|x86.ActiveCfg = Release|Any CPU
		{EB23CC61-2516-4C2C-8DB4-F9532209CC11}.Release|x86.Build.0 = Release|Any CPU
		{1FE72B90-D8AA-466E-B63C-EC8AA7FE331F}.Debug|Any CPU.ActiveCfg = Debug|Any CPU
		{1FE72B90-D8AA-466E-B63C-EC8AA7FE331F}.Debug|Any CPU.Build.0 = Debug|Any CPU
		{1FE72B90-D8AA-466E-B63C-EC8AA7FE331F}.Debug|x64.ActiveCfg = Debug|Any CPU
		{1FE72B90-D8AA-466E-B63C-EC8AA7FE331F}.Debug|x64.Build.0 = Debug|Any CPU
		{1FE72B90-D8AA-466E-B63C-EC8AA7FE331F}.Debug|x86.ActiveCfg = Debug|Any CPU
		{1FE72B90-D8AA-466E-B63C-EC8AA7FE331F}.Debug|x86.Build.0 = Debug|Any CPU
		{1FE72B90-D8AA-466E-B63C-EC8AA7FE331F}.Release|Any CPU.ActiveCfg = Release|Any CPU
		{1FE72B90-D8AA-466E-B63C-EC8AA7FE331F}.Release|Any CPU.Build.0 = Release|Any CPU
		{1FE72B90-D8AA-466E-B63C-EC8AA7FE331F}.Release|x64.ActiveCfg = Release|Any CPU
		{1FE72B90-D8AA-466E-B63C-EC8AA7FE331F}.Release|x64.Build.0 = Release|Any CPU
		{1FE72B90-D8AA-466E-B63C-EC8AA7FE331F}.Release|x86.ActiveCfg = Release|Any CPU
		{1FE72B90-D8AA-466E-B63C-EC8AA7FE331F}.Release|x86.Build.0 = Release|Any CPU
		{81B752C6-8B16-4E69-8652-17E7D2B1F314}.Debug|Any CPU.ActiveCfg = Debug|Any CPU
		{81B752C6-8B16-4E69-8652-17E7D2B1F314}.Debug|Any CPU.Build.0 = Debug|Any CPU
		{81B752C6-8B16-4E69-8652-17E7D2B1F314}.Debug|x64.ActiveCfg = Debug|Any CPU
		{81B752C6-8B16-4E69-8652-17E7D2B1F314}.Debug|x64.Build.0 = Debug|Any CPU
		{81B752C6-8B16-4E69-8652-17E7D2B1F314}.Debug|x86.ActiveCfg = Debug|Any CPU
		{81B752C6-8B16-4E69-8652-17E7D2B1F314}.Debug|x86.Build.0 = Debug|Any CPU
		{81B752C6-8B16-4E69-8652-17E7D2B1F314}.Release|Any CPU.ActiveCfg = Release|Any CPU
		{81B752C6-8B16-4E69-8652-17E7D2B1F314}.Release|Any CPU.Build.0 = Release|Any CPU
		{81B752C6-8B16-4E69-8652-17E7D2B1F314}.Release|x64.ActiveCfg = Release|Any CPU
		{81B752C6-8B16-4E69-8652-17E7D2B1F314}.Release|x64.Build.0 = Release|Any CPU
		{81B752C6-8B16-4E69-8652-17E7D2B1F314}.Release|x86.ActiveCfg = Release|Any CPU
		{81B752C6-8B16-4E69-8652-17E7D2B1F314}.Release|x86.Build.0 = Release|Any CPU
		{05687ED8-8DCB-44DC-B56F-E98C234654A8}.Debug|Any CPU.ActiveCfg = Debug|Any CPU
		{05687ED8-8DCB-44DC-B56F-E98C234654A8}.Debug|Any CPU.Build.0 = Debug|Any CPU
		{05687ED8-8DCB-44DC-B56F-E98C234654A8}.Debug|x64.ActiveCfg = Debug|Any CPU
		{05687ED8-8DCB-44DC-B56F-E98C234654A8}.Debug|x64.Build.0 = Debug|Any CPU
		{05687ED8-8DCB-44DC-B56F-E98C234654A8}.Debug|x86.ActiveCfg = Debug|Any CPU
		{05687ED8-8DCB-44DC-B56F-E98C234654A8}.Debug|x86.Build.0 = Debug|Any CPU
		{05687ED8-8DCB-44DC-B56F-E98C234654A8}.Release|Any CPU.ActiveCfg = Release|Any CPU
		{05687ED8-8DCB-44DC-B56F-E98C234654A8}.Release|Any CPU.Build.0 = Release|Any CPU
		{05687ED8-8DCB-44DC-B56F-E98C234654A8}.Release|x64.ActiveCfg = Release|Any CPU
		{05687ED8-8DCB-44DC-B56F-E98C234654A8}.Release|x64.Build.0 = Release|Any CPU
		{05687ED8-8DCB-44DC-B56F-E98C234654A8}.Release|x86.ActiveCfg = Release|Any CPU
		{05687ED8-8DCB-44DC-B56F-E98C234654A8}.Release|x86.Build.0 = Release|Any CPU
		{705ABCEE-CCF1-4B11-9022-E8D62B0178AF}.Debug|Any CPU.ActiveCfg = Debug|Any CPU
		{705ABCEE-CCF1-4B11-9022-E8D62B0178AF}.Debug|Any CPU.Build.0 = Debug|Any CPU
		{705ABCEE-CCF1-4B11-9022-E8D62B0178AF}.Debug|x64.ActiveCfg = Debug|Any CPU
		{705ABCEE-CCF1-4B11-9022-E8D62B0178AF}.Debug|x64.Build.0 = Debug|Any CPU
		{705ABCEE-CCF1-4B11-9022-E8D62B0178AF}.Debug|x86.ActiveCfg = Debug|Any CPU
		{705ABCEE-CCF1-4B11-9022-E8D62B0178AF}.Debug|x86.Build.0 = Debug|Any CPU
		{705ABCEE-CCF1-4B11-9022-E8D62B0178AF}.Release|Any CPU.ActiveCfg = Release|Any CPU
		{705ABCEE-CCF1-4B11-9022-E8D62B0178AF}.Release|Any CPU.Build.0 = Release|Any CPU
		{705ABCEE-CCF1-4B11-9022-E8D62B0178AF}.Release|x64.ActiveCfg = Release|Any CPU
		{705ABCEE-CCF1-4B11-9022-E8D62B0178AF}.Release|x64.Build.0 = Release|Any CPU
		{705ABCEE-CCF1-4B11-9022-E8D62B0178AF}.Release|x86.ActiveCfg = Release|Any CPU
		{705ABCEE-CCF1-4B11-9022-E8D62B0178AF}.Release|x86.Build.0 = Release|Any CPU
		{D66FE4D9-A747-42FA-AFFF-81832DBF5400}.Debug|Any CPU.ActiveCfg = Debug|Any CPU
		{D66FE4D9-A747-42FA-AFFF-81832DBF5400}.Debug|Any CPU.Build.0 = Debug|Any CPU
		{D66FE4D9-A747-42FA-AFFF-81832DBF5400}.Debug|x64.ActiveCfg = Debug|Any CPU
		{D66FE4D9-A747-42FA-AFFF-81832DBF5400}.Debug|x64.Build.0 = Debug|Any CPU
		{D66FE4D9-A747-42FA-AFFF-81832DBF5400}.Debug|x86.ActiveCfg = Debug|Any CPU
		{D66FE4D9-A747-42FA-AFFF-81832DBF5400}.Debug|x86.Build.0 = Debug|Any CPU
		{D66FE4D9-A747-42FA-AFFF-81832DBF5400}.Release|Any CPU.ActiveCfg = Release|Any CPU
		{D66FE4D9-A747-42FA-AFFF-81832DBF5400}.Release|Any CPU.Build.0 = Release|Any CPU
		{D66FE4D9-A747-42FA-AFFF-81832DBF5400}.Release|x64.ActiveCfg = Release|Any CPU
		{D66FE4D9-A747-42FA-AFFF-81832DBF5400}.Release|x64.Build.0 = Release|Any CPU
		{D66FE4D9-A747-42FA-AFFF-81832DBF5400}.Release|x86.ActiveCfg = Release|Any CPU
		{D66FE4D9-A747-42FA-AFFF-81832DBF5400}.Release|x86.Build.0 = Release|Any CPU
		{505A1866-F926-4566-8A44-B5B9CBA83AD3}.Debug|Any CPU.ActiveCfg = Debug|Any CPU
		{505A1866-F926-4566-8A44-B5B9CBA83AD3}.Debug|Any CPU.Build.0 = Debug|Any CPU
		{505A1866-F926-4566-8A44-B5B9CBA83AD3}.Debug|x64.ActiveCfg = Debug|Any CPU
		{505A1866-F926-4566-8A44-B5B9CBA83AD3}.Debug|x64.Build.0 = Debug|Any CPU
		{505A1866-F926-4566-8A44-B5B9CBA83AD3}.Debug|x86.ActiveCfg = Debug|Any CPU
		{505A1866-F926-4566-8A44-B5B9CBA83AD3}.Debug|x86.Build.0 = Debug|Any CPU
		{505A1866-F926-4566-8A44-B5B9CBA83AD3}.Release|Any CPU.ActiveCfg = Release|Any CPU
		{505A1866-F926-4566-8A44-B5B9CBA83AD3}.Release|Any CPU.Build.0 = Release|Any CPU
		{505A1866-F926-4566-8A44-B5B9CBA83AD3}.Release|x64.ActiveCfg = Release|Any CPU
		{505A1866-F926-4566-8A44-B5B9CBA83AD3}.Release|x64.Build.0 = Release|Any CPU
		{505A1866-F926-4566-8A44-B5B9CBA83AD3}.Release|x86.ActiveCfg = Release|Any CPU
		{505A1866-F926-4566-8A44-B5B9CBA83AD3}.Release|x86.Build.0 = Release|Any CPU
	EndGlobalSection
	GlobalSection(SolutionProperties) = preSolution
		HideSolutionNode = FALSE
	EndGlobalSection
	GlobalSection(NestedProjects) = preSolution
		{5B3AC23A-2B80-420B-8435-DB0BC5BC4BA8} = {827E0CD3-B72D-47B6-A68D-7590B98EB39B}
		{EB23CC61-2516-4C2C-8DB4-F9532209CC11} = {827E0CD3-B72D-47B6-A68D-7590B98EB39B}
		{1FE72B90-D8AA-466E-B63C-EC8AA7FE331F} = {827E0CD3-B72D-47B6-A68D-7590B98EB39B}
		{81B752C6-8B16-4E69-8652-17E7D2B1F314} = {827E0CD3-B72D-47B6-A68D-7590B98EB39B}
		{05687ED8-8DCB-44DC-B56F-E98C234654A8} = {827E0CD3-B72D-47B6-A68D-7590B98EB39B}
		{705ABCEE-CCF1-4B11-9022-E8D62B0178AF} = {0AB3BF05-4346-4AA6-1389-037BE0695223}
		{D66FE4D9-A747-42FA-AFFF-81832DBF5400} = {0AB3BF05-4346-4AA6-1389-037BE0695223}
		{505A1866-F926-4566-8A44-B5B9CBA83AD3} = {0AB3BF05-4346-4AA6-1389-037BE0695223}
	EndGlobalSection
EndGlobal
